<?xml version="1.0" encoding="utf-8"?>
<Project ToolsVersion="4.0" xmlns="http://schemas.microsoft.com/developer/msbuild/2003">
  <ItemGroup>
    <Filter Include="Source">
      <UniqueIdentifier>{ad6d650b-26f1-4e53-b8f4-4ca67e803ef7}</UniqueIdentifier>
    </Filter>
    <Filter Include="Source\FileCore">
      <UniqueIdentifier>{82eed3da-1325-43b6-9ba7-ca77b026755f}</UniqueIdentifier>
    </Filter>
  </ItemGroup>
  <ItemGroup>
    <ClCompile Include="..\..\Source\File\FileCore\DirectoryUtilities.cpp">
      <Filter>Source\FileCore</Filter>
    </ClCompile>
    <ClCompile Include="..\..\Source\File\FileCore\File.cpp">
      <Filter>Source\FileCore</Filter>
    </ClCompile>
    <ClCompile Include="..\..\Source\File\FileUtilities.cpp">
      <Filter>Source</Filter>
    </ClCompile>
    <ClCompile Include="..\..\Source\File\md5.cpp">
      <Filter>Source</Filter>
    </ClCompile>
    <ClCompile Include="..\..\Source\File\FileAPI.cpp">
      <Filter>Source</Filter>
    </ClCompile>
  </ItemGroup>
  <ItemGroup>
    <ClInclude Include="..\..\Source\File\FileCore\DirectoryUtilities.h">
      <Filter>Source\FileCore</Filter>
    </ClInclude>
    <ClInclude Include="..\..\Source\File\FileCore\File.h">
      <Filter>Source\FileCore</Filter>
    </ClInclude>
    <ClInclude Include="..\..\Source\File\FileUtilities.hpp">
      <Filter>Source</Filter>
    </ClInclude>
    <ClInclude Include="..\..\Source\File\md5.h">
      <Filter>Source</Filter>
    </ClInclude>
    <ClInclude Include="..\..\Source\File\FileAPI.hpp">
      <Filter>Source</Filter>
    </ClInclude>
  </ItemGroup>
</Project>