<?xml version="1.0" encoding="utf-8"?>
<Project ToolsVersion="4.0" xmlns="http://schemas.microsoft.com/developer/msbuild/2003">
  <ItemGroup>
    <Filter Include="Source">
      <UniqueIdentifier>{7723513b-f322-4951-a410-b4b31d757a6b}</UniqueIdentifier>
    </Filter>
    <Filter Include="Source\JobSystem">
      <UniqueIdentifier>{0575aa68-a4f6-41ad-9d66-ef43fa8a5caa}</UniqueIdentifier>
    </Filter>
    <Filter Include="Source\Containers">
      <UniqueIdentifier>{0ca43f6a-8749-4dd0-b217-e78cb3a42a95}</UniqueIdentifier>
    </Filter>
  </ItemGroup>
  <ItemGroup>
    <ClInclude Include="..\..\Source\Thread\ThreadingUtilities.hpp">
      <Filter>Source</Filter>
    </ClInclude>
    <ClInclude Include="..\..\Source\Thread\JobSystem\Job.hpp">
      <Filter>Source\JobSystem</Filter>
    </ClInclude>
    <ClInclude Include="..\..\Source\Thread\Containers\ConcurrentQueue.hpp">
      <Filter>Source\Containers</Filter>
    </ClInclude>
    <ClInclude Include="..\..\Source\Thread\JobSystem\JobThread.hpp">
      <Filter>Source\JobSystem</Filter>
    </ClInclude>
    <ClInclude Include="..\..\Source\Thread\JobSystem\StealingConcurrentDeque.hpp">
      <Filter>Source\JobSystem</Filter>
    </ClInclude>
    <ClInclude Include="..\..\Source\Thread\JobSystem\JobSystem.hpp">
      <Filter>Source\JobSystem</Filter>
    </ClInclude>
    <ClInclude Include="..\..\Source\Thread\JobSystem\JobUtilities.hpp">
      <Filter>Source\JobSystem</Filter>
    </ClInclude>
  </ItemGroup>
  <ItemGroup>
    <ClCompile Include="..\..\Source\Thread\ThreadingUtilities.cpp">
      <Filter>Source</Filter>
    </ClCompile>
    <ClCompile Include="..\..\Source\Thread\JobSystem\JobThread.cpp">
      <Filter>Source\JobSystem</Filter>
    </ClCompile>
    <ClCompile Include="..\..\Source\Thread\JobSystem\JobSystem.cpp">
      <Filter>Source\JobSystem</Filter>
    </ClCompile>
    <ClCompile Include="..\..\Source\Thread\JobSystem\Job.cpp">
      <Filter>Source\JobSystem</Filter>
    </ClCompile>
    <ClCompile Include="..\..\Source\Thread\JobSystem\JobUtilities.cpp">
      <Filter>Source\JobSystem</Filter>
    </ClCompile>
  </ItemGroup>
</Project>