<?xml version="1.0" encoding="utf-8"?>
<Project ToolsVersion="4.0" xmlns="http://schemas.microsoft.com/developer/msbuild/2003">
  <ItemGroup>
    <Filter Include="Model">
      <UniqueIdentifier>{fb74726d-ea7c-4150-8e06-de2490c917dd}</UniqueIdentifier>
    </Filter>
    <Filter Include="Camera">
      <UniqueIdentifier>{5e268c91-19d4-4ebe-b64b-234c4ab6ac65}</UniqueIdentifier>
    </Filter>
    <Filter Include="GameObject">
      <UniqueIdentifier>{32de6a8c-b619-4345-864d-7042d92d0431}</UniqueIdentifier>
    </Filter>
    <Filter Include="Game">
      <UniqueIdentifier>{49c408ba-03be-445f-b027-527ed3412e23}</UniqueIdentifier>
    </Filter>
    <Filter Include="GameObject\DemoGameObjects">
      <UniqueIdentifier>{3d239327-f675-48a7-a9a0-759fb6a807e9}</UniqueIdentifier>
    </Filter>
    <Filter Include="Input">
      <UniqueIdentifier>{ee884dc6-9beb-4d20-bd78-082a3c11f746}</UniqueIdentifier>
    </Filter>
    <Filter Include="Scene">
      <UniqueIdentifier>{e199b96b-bde8-44f2-9af3-222568c8e441}</UniqueIdentifier>
    </Filter>
    <Filter Include="Entry">
      <UniqueIdentifier>{388ee6a7-84a8-4443-b906-8cebfb9658fa}</UniqueIdentifier>
    </Filter>
    <Filter Include="Window">
      <UniqueIdentifier>{be0b8387-610d-4770-b86c-d6b310014620}</UniqueIdentifier>
    </Filter>
    <Filter Include="Renderer">
      <UniqueIdentifier>{dc05ceda-130d-47bd-9e8c-5074e8da8537}</UniqueIdentifier>
    </Filter>
    <Filter Include="Renderer\Vulkan">
      <UniqueIdentifier>{8ba45883-2826-48c7-8b72-8927293b5151}</UniqueIdentifier>
    </Filter>
    <Filter Include="Renderer\OpenGL">
      <UniqueIdentifier>{63a5af6f-ee0d-4c76-a591-adc9149fef58}</UniqueIdentifier>
    </Filter>
    <Filter Include="Collision">
      <UniqueIdentifier>{6afc8469-5271-497d-8c63-5384f84dc282}</UniqueIdentifier>
    </Filter>
    <Filter Include="Collision\Primitives">
      <UniqueIdentifier>{cf9e7b37-b393-465d-9da0-42a2c2a1c8ea}</UniqueIdentifier>
    </Filter>
    <Filter Include="Animation">
      <UniqueIdentifier>{a90ef486-431f-460f-8344-420f1f1e0d00}</UniqueIdentifier>
    </Filter>
    <Filter Include="Animation\Skeleton">
      <UniqueIdentifier>{42b06eb8-806a-4d1b-993c-adca1e9fe53e}</UniqueIdentifier>
    </Filter>
    <Filter Include="Logging">
      <UniqueIdentifier>{c4f34418-41b6-44b5-b16a-9540db1fb713}</UniqueIdentifier>
    </Filter>
    <Filter Include="Logging\LogDevices">
      <UniqueIdentifier>{0c0eff02-66c2-4b18-a220-2a56121286bf}</UniqueIdentifier>
    </Filter>
    <Filter Include="Components">
      <UniqueIdentifier>{0d6036dd-7a9f-4254-a138-56cbe9267caa}</UniqueIdentifier>
    </Filter>
    <Filter Include="ECS">
      <UniqueIdentifier>{58f4f091-0cf4-47e4-8814-4aa8f5c565bd}</UniqueIdentifier>
    </Filter>
    <Filter Include="ECS\Components">
      <UniqueIdentifier>{ecde4fab-abd6-43b3-9ac7-8bf26a90b5bc}</UniqueIdentifier>
    </Filter>
    <Filter Include="ECS\Internal">
      <UniqueIdentifier>{10e83730-d350-47f2-bb44-b11c38f89b86}</UniqueIdentifier>
    </Filter>
    <Filter Include="Utilities">
      <UniqueIdentifier>{60ad0fb8-bed3-451b-8ba9-d1f762091862}</UniqueIdentifier>
    </Filter>
    <Filter Include="ECS\Systems">
      <UniqueIdentifier>{187df748-2707-4b45-a8a2-11197f280f4f}</UniqueIdentifier>
    </Filter>
    <Filter Include="Lighting">
      <UniqueIdentifier>{50850465-e372-4621-8f2c-acf60965ffa8}</UniqueIdentifier>
    </Filter>
  </ItemGroup>
  <ItemGroup>
    <ClCompile Include="..\Source\GameObject\DemoGameObjects\HorizontalOrbitCamera.cpp">
      <Filter>GameObject\DemoGameObjects</Filter>
    </ClCompile>
    <ClCompile Include="..\Source\GameObject\DemoGameObjects\VerticalOrbitCamera.cpp">
      <Filter>GameObject\DemoGameObjects</Filter>
    </ClCompile>
    <ClCompile Include="..\Source\GameObject\DemoGameObjects\CameraObject.cpp">
      <Filter>GameObject\DemoGameObjects</Filter>
    </ClCompile>
    <ClCompile Include="..\Source\GameObject\DemoGameObjects\TextureSwapObject.cpp">
      <Filter>GameObject\DemoGameObjects</Filter>
    </ClCompile>
    <ClCompile Include="..\Source\Game\Engine.cpp">
      <Filter>Game</Filter>
    </ClCompile>
    <ClCompile Include="..\Source\Game\Game.cpp">
      <Filter>Game</Filter>
    </ClCompile>
    <ClCompile Include="..\Source\Model\MeshManager.cpp">
      <Filter>Model</Filter>
    </ClCompile>
    <ClCompile Include="..\Source\Model\Model.cpp">
      <Filter>Model</Filter>
    </ClCompile>
    <ClCompile Include="..\Source\Model\Mesh.cpp">
      <Filter>Model</Filter>
    </ClCompile>
    <ClCompile Include="..\Source\Camera\CameraManager.cpp">
      <Filter>Camera</Filter>
    </ClCompile>
    <ClCompile Include="..\Source\Camera\Camera.cpp">
      <Filter>Camera</Filter>
    </ClCompile>
    <ClCompile Include="..\Source\GameObject\GameObject.cpp">
      <Filter>GameObject</Filter>
    </ClCompile>
    <ClCompile Include="..\Source\GameObject\GameObjectManager.cpp">
      <Filter>GameObject</Filter>
    </ClCompile>
    <ClCompile Include="..\Source\Input\InputManager.cpp">
      <Filter>Input</Filter>
    </ClCompile>
    <ClCompile Include="..\Source\Entry\main.cpp">
      <Filter>Entry</Filter>
    </ClCompile>
    <ClCompile Include="..\Source\Windowing\Window.cpp">
      <Filter>Window</Filter>
    </ClCompile>
    <ClCompile Include="..\Source\Renderer\Vulkan\VulkanCreateInfos.cpp">
      <Filter>Renderer\Vulkan</Filter>
    </ClCompile>
    <ClCompile Include="..\Source\Renderer\Vulkan\VulkanDevice.cpp">
      <Filter>Renderer\Vulkan</Filter>
    </ClCompile>
    <ClCompile Include="..\Source\Renderer\Vulkan\VulkanSwapchain.cpp">
      <Filter>Renderer\Vulkan</Filter>
    </ClCompile>
    <ClCompile Include="..\Source\Renderer\Vulkan\VulkanSurface.cpp">
      <Filter>Renderer\Vulkan</Filter>
    </ClCompile>
    <ClCompile Include="..\Source\Renderer\Vulkan\VulkanRenderPass.cpp">
      <Filter>Renderer\Vulkan</Filter>
    </ClCompile>
    <ClCompile Include="..\Source\Renderer\Vulkan\VulkanMemory.cpp">
      <Filter>Renderer\Vulkan</Filter>
    </ClCompile>
    <ClCompile Include="..\Source\Renderer\Vulkan\VulkanUtilities.cpp">
      <Filter>Renderer\Vulkan</Filter>
    </ClCompile>
    <ClCompile Include="..\Source\Renderer\Vulkan\VulkanCommandBuffer.cpp">
      <Filter>Renderer\Vulkan</Filter>
    </ClCompile>
    <ClCompile Include="..\Source\Windowing\Win32\Win32_Window.cpp">
      <Filter>Window</Filter>
    </ClCompile>
    <ClCompile Include="..\Source\Renderer\Vulkan\VulkanUtilites.cpp">
      <Filter>Renderer\Vulkan</Filter>
    </ClCompile>
    <ClCompile Include="..\Source\Renderer\Vulkan\VulkanDescriptorSet.cpp">
      <Filter>Renderer\Vulkan</Filter>
    </ClCompile>
    <ClCompile Include="..\Source\Renderer\Vulkan\VulkanDescriptorPool.cpp">
      <Filter>Renderer\Vulkan</Filter>
    </ClCompile>
    <ClCompile Include="..\Source\Renderer\Vulkan\VulkanPipeline.cpp">
      <Filter>Renderer\Vulkan</Filter>
    </ClCompile>
    <ClCompile Include="..\Source\Renderer\Vulkan\VulkanRenderer.cpp">
      <Filter>Renderer\Vulkan</Filter>
    </ClCompile>
    <ClCompile Include="..\Source\Renderer\Renderer.cpp">
      <Filter>Renderer</Filter>
    </ClCompile>
    <ClCompile Include="..\Source\Renderer\Vulkan\VulkanUniformBuffer.cpp">
      <Filter>Renderer\Vulkan</Filter>
    </ClCompile>
    <ClCompile Include="..\Source\Model\ModelFactory.cpp">
      <Filter>Model</Filter>
    </ClCompile>
    <ClCompile Include="..\Source\Renderer\DrawList.cpp">
      <Filter>Renderer</Filter>
    </ClCompile>
    <ClCompile Include="..\Source\Renderer\Vulkan\VulkanVertexBuffer.cpp">
      <Filter>Renderer\Vulkan</Filter>
    </ClCompile>
    <ClCompile Include="..\Source\Renderer\Vulkan\VulkanFramebuffer.cpp">
      <Filter>Renderer\Vulkan</Filter>
    </ClCompile>
    <ClCompile Include="..\Source\Renderer\Vulkan\VulkanIndexBuffer.cpp">
      <Filter>Renderer\Vulkan</Filter>
    </ClCompile>
    <ClCompile Include="..\Source\Renderer\Vulkan\VulkanQueue.cpp">
      <Filter>Renderer\Vulkan</Filter>
    </ClCompile>
    <ClCompile Include="..\Source\Renderer\SceneRendering.cpp">
      <Filter>Renderer</Filter>
    </ClCompile>
    <ClCompile Include="..\Source\Renderer\PipelineManager.cpp">
      <Filter>Renderer</Filter>
    </ClCompile>
    <ClCompile Include="..\Source\Renderer\Vulkan\VulkanShader.cpp">
      <Filter>Renderer\Vulkan</Filter>
    </ClCompile>
    <ClCompile Include="..\Source\Renderer\Vulkan\VulkanShaderManager.cpp">
      <Filter>Renderer\Vulkan</Filter>
    </ClCompile>
    <ClCompile Include="..\Source\Renderer\RenderingEntityManager.cpp">
      <Filter>Renderer</Filter>
    </ClCompile>
    <ClCompile Include="..\Source\Renderer\RenderingEntity.cpp">
      <Filter>Renderer</Filter>
    </ClCompile>
    <ClCompile Include="..\Source\Renderer\Vulkan\VulkanStageBuffers.cpp">
      <Filter>Renderer\Vulkan</Filter>
    </ClCompile>
    <ClCompile Include="..\Source\Collision\Primitives\Sphere.cpp">
      <Filter>Collision\Primitives</Filter>
    </ClCompile>
    <ClCompile Include="..\Source\Animation\Skeleton\Skeleton.cpp">
      <Filter>Animation\Skeleton</Filter>
    </ClCompile>
    <ClCompile Include="..\Source\Animation\Skeleton\SkeletonBone.cpp">
      <Filter>Animation\Skeleton</Filter>
    </ClCompile>
    <ClCompile Include="..\Source\Animation\Skeleton\SkeletonManager.cpp">
      <Filter>Animation\Skeleton</Filter>
    </ClCompile>
    <ClCompile Include="..\Source\Animation\AnimationClipFactory.cpp">
      <Filter>Animation</Filter>
    </ClCompile>
    <ClCompile Include="..\Source\Animation\AnimationController.cpp">
      <Filter>Animation</Filter>
    </ClCompile>
    <ClCompile Include="..\Source\Animation\AnimationMixer.cpp">
      <Filter>Animation</Filter>
    </ClCompile>
    <ClCompile Include="..\Source\Animation\AnimationMixerPool.cpp">
      <Filter>Animation</Filter>
    </ClCompile>
    <ClCompile Include="..\Source\Animation\AnimationTimeController.cpp">
      <Filter>Animation</Filter>
    </ClCompile>
    <ClCompile Include="..\Source\Animation\Clip.cpp">
      <Filter>Animation</Filter>
    </ClCompile>
    <ClCompile Include="..\Source\Animation\AnimationTimerManager.cpp">
      <Filter>Animation</Filter>
    </ClCompile>
    <ClCompile Include="..\Source\Logging\Logger.cpp">
      <Filter>Logging</Filter>
    </ClCompile>
    <ClCompile Include="..\Source\Logging\LogDevice.cpp">
      <Filter>Logging</Filter>
    </ClCompile>
    <ClCompile Include="..\Source\Logging\LogDevices\DebugWindowDevice.cpp">
      <Filter>Logging\LogDevices</Filter>
    </ClCompile>
    <ClCompile Include="..\Source\Renderer\Vulkan\VulkanComputePipeline.cpp">
      <Filter>Renderer\Vulkan</Filter>
    </ClCompile>
    <ClCompile Include="..\Source\Renderer\ComputeEntity.cpp">
      <Filter>Renderer</Filter>
    </ClCompile>
    <ClCompile Include="..\Source\Renderer\Vulkan\VulkanStorageBuffer.cpp">
      <Filter>Renderer\Vulkan</Filter>
    </ClCompile>
    <ClCompile Include="..\Source\Renderer\ComputeEntityManager.cpp">
      <Filter>Renderer</Filter>
    </ClCompile>
    <ClCompile Include="..\Source\Animation\Skeleton\SkeletonInstance.cpp">
      <Filter>Animation\Skeleton</Filter>
    </ClCompile>
    <ClCompile Include="..\Source\GameObject\AnimationGameObject.cpp">
      <Filter>GameObject</Filter>
    </ClCompile>
    <ClCompile Include="..\Source\Animation\BlendSpace.cpp">
      <Filter>Animation</Filter>
    </ClCompile>
    <ClCompile Include="..\Source\Input\Input.cpp">
      <Filter>Input</Filter>
    </ClCompile>
    <ClCompile Include="..\Source\ECS\Internal\EntityPool.cpp">
      <Filter>ECS\Internal</Filter>
    </ClCompile>
    <ClCompile Include="..\Source\ECS\Internal\ComponentPool.cpp">
      <Filter>ECS\Internal</Filter>
    </ClCompile>
    <ClCompile Include="..\Source\ECS\Entity.cpp">
      <Filter>ECS</Filter>
    </ClCompile>
    <ClCompile Include="..\Source\ECS\Component.cpp">
      <Filter>ECS</Filter>
    </ClCompile>
    <ClCompile Include="..\Source\ECS\SystemsManager.cpp">
      <Filter>ECS</Filter>
    </ClCompile>
    <ClCompile Include="..\Source\ECS\Systems\RenderSystem.cpp">
      <Filter>ECS\Systems</Filter>
    </ClCompile>
    <ClCompile Include="..\Source\ECS\Systems\TransformSystem.cpp">
      <Filter>ECS\Systems</Filter>
    </ClCompile>
    <ClCompile Include="..\Source\ECS\Systems\CameraSystem.cpp">
      <Filter>ECS\Systems</Filter>
    </ClCompile>
    <ClCompile Include="..\Source\ECS\Components\TransformComponent.cpp">
      <Filter>ECS\Components</Filter>
    </ClCompile>
    <ClCompile Include="..\Source\ECS\Components\RenderComponent.cpp">
      <Filter>ECS\Components</Filter>
    </ClCompile>
    <ClCompile Include="..\Source\ECS\Components\CameraComponent.cpp">
      <Filter>ECS\Components</Filter>
    </ClCompile>
    <ClCompile Include="..\Source\ECS\ComponentTypeDefinition.cpp">
      <Filter>ECS</Filter>
    </ClCompile>
    <ClCompile Include="..\Source\Scene\Scene.cpp">
      <Filter>Scene</Filter>
    </ClCompile>
    <ClCompile Include="..\Source\Scene\GameWorld.cpp">
      <Filter>Scene</Filter>
    </ClCompile>
  </ItemGroup>
  <ItemGroup>
    <ClInclude Include="..\Source\GameObject\DemoGameObjects\HorizontalOrbitCamera.h">
      <Filter>GameObject\DemoGameObjects</Filter>
    </ClInclude>
    <ClInclude Include="..\Source\GameObject\DemoGameObjects\VerticalOrbitCamera.h">
      <Filter>GameObject\DemoGameObjects</Filter>
    </ClInclude>
    <ClInclude Include="..\Source\GameObject\DemoGameObjects\CameraObject.h">
      <Filter>GameObject\DemoGameObjects</Filter>
    </ClInclude>
    <ClInclude Include="..\Source\GameObject\DemoGameObjects\TextureSwapObject.h">
      <Filter>GameObject\DemoGameObjects</Filter>
    </ClInclude>
    <ClInclude Include="..\Source\Game\Engine.h">
      <Filter>Game</Filter>
    </ClInclude>
    <ClInclude Include="..\Source\Game\Game.h">
      <Filter>Game</Filter>
    </ClInclude>
    <ClInclude Include="..\Source\Model\MeshManager.h">
      <Filter>Model</Filter>
    </ClInclude>
    <ClInclude Include="..\Source\Model\Model.h">
      <Filter>Model</Filter>
    </ClInclude>
    <ClInclude Include="..\Source\Model\ModelFileHeader.h">
      <Filter>Model</Filter>
    </ClInclude>
    <ClInclude Include="..\Source\Model\Mesh.h">
      <Filter>Model</Filter>
    </ClInclude>
    <ClInclude Include="..\Source\Scene\SceneRoot.h">
      <Filter>Scene</Filter>
    </ClInclude>
    <ClInclude Include="..\Source\Camera\Camera.h">
      <Filter>Camera</Filter>
    </ClInclude>
    <ClInclude Include="..\Source\Camera\CameraManager.h">
      <Filter>Camera</Filter>
    </ClInclude>
    <ClInclude Include="..\Source\GameObject\GameObject.h">
      <Filter>GameObject</Filter>
    </ClInclude>
    <ClInclude Include="..\Source\GameObject\GameObjectManager.h">
      <Filter>GameObject</Filter>
    </ClInclude>
    <ClInclude Include="..\Source\Input\InputManager.h">
      <Filter>Input</Filter>
    </ClInclude>
    <ClInclude Include="..\Source\Windowing\Window.h">
      <Filter>Window</Filter>
    </ClInclude>
    <ClInclude Include="..\Source\Renderer\Renderer.h">
      <Filter>Renderer</Filter>
    </ClInclude>
    <ClInclude Include="..\Source\Renderer\Vulkan\VulkanDefinitions.h">
      <Filter>Renderer\Vulkan</Filter>
    </ClInclude>
    <ClInclude Include="..\Source\Renderer\Vulkan\VulkanCreateInfos.h">
      <Filter>Renderer\Vulkan</Filter>
    </ClInclude>
    <ClInclude Include="..\Source\Renderer\Vulkan\VulkanDevice.h">
      <Filter>Renderer\Vulkan</Filter>
    </ClInclude>
    <ClInclude Include="..\Source\Renderer\Vulkan\VulkanSwapchain.h">
      <Filter>Renderer\Vulkan</Filter>
    </ClInclude>
    <ClInclude Include="..\Source\Renderer\Vulkan\VulkanSurface.h">
      <Filter>Renderer\Vulkan</Filter>
    </ClInclude>
    <ClInclude Include="..\Source\Renderer\Vulkan\VulkanQueue.h">
      <Filter>Renderer\Vulkan</Filter>
    </ClInclude>
    <ClInclude Include="..\Source\Renderer\Vulkan\VulkanRenderPass.h">
      <Filter>Renderer\Vulkan</Filter>
    </ClInclude>
    <ClInclude Include="..\Source\Renderer\Vulkan\VulkanUtilites.h">
      <Filter>Renderer\Vulkan</Filter>
    </ClInclude>
    <ClInclude Include="..\Source\Renderer\Vulkan\VulkanMemory.h">
      <Filter>Renderer\Vulkan</Filter>
    </ClInclude>
    <ClInclude Include="..\Source\Renderer\Vulkan\VulkanAbstractions.h">
      <Filter>Renderer\Vulkan</Filter>
    </ClInclude>
    <ClInclude Include="..\Source\Renderer\Vulkan\VulkanCommandBuffer.h">
      <Filter>Renderer\Vulkan</Filter>
    </ClInclude>
    <ClInclude Include="..\Source\Input\InputDefinitions.h">
      <Filter>Input</Filter>
    </ClInclude>
    <ClInclude Include="..\Source\Renderer\Vulkan\VulkanDescriptorSet.h">
      <Filter>Renderer\Vulkan</Filter>
    </ClInclude>
    <ClInclude Include="..\Source\Renderer\Vulkan\VulkanDescriptorPool.h">
      <Filter>Renderer\Vulkan</Filter>
    </ClInclude>
    <ClInclude Include="..\Source\Renderer\Vulkan\VulkanPipeline.h">
      <Filter>Renderer\Vulkan</Filter>
    </ClInclude>
    <ClInclude Include="..\Source\Renderer\Vulkan\VulkanRenderingInfo.h">
      <Filter>Renderer\Vulkan</Filter>
    </ClInclude>
    <ClInclude Include="..\Source\Renderer\Vulkan\VulkanRenderer.h">
      <Filter>Renderer\Vulkan</Filter>
    </ClInclude>
    <ClInclude Include="..\Source\Renderer\RenderingEngine.h">
      <Filter>Renderer</Filter>
    </ClInclude>
    <ClInclude Include="..\Source\Renderer\Vulkan\VulkanUniformBuffer.h">
      <Filter>Renderer\Vulkan</Filter>
    </ClInclude>
    <ClInclude Include="..\Source\Model\ModelFactory.h">
      <Filter>Model</Filter>
    </ClInclude>
    <ClInclude Include="..\Source\Renderer\DrawList.h">
      <Filter>Renderer</Filter>
    </ClInclude>
    <ClInclude Include="..\Source\Renderer\Vulkan\VulkanVertexBuffer.h">
      <Filter>Renderer\Vulkan</Filter>
    </ClInclude>
    <ClInclude Include="..\Source\Renderer\Vulkan\VulkanIndexBuffer.h">
      <Filter>Renderer\Vulkan</Filter>
    </ClInclude>
    <ClInclude Include="..\Source\Renderer\Vulkan\VulkanFramebuffer.h">
      <Filter>Renderer\Vulkan</Filter>
    </ClInclude>
    <ClInclude Include="..\Source\Renderer\SceneRendering.h">
      <Filter>Renderer</Filter>
    </ClInclude>
    <ClInclude Include="..\Source\Renderer\PipelineManager.h">
      <Filter>Renderer</Filter>
    </ClInclude>
    <ClInclude Include="..\Source\Renderer\Vulkan\VulkanShader.h">
      <Filter>Renderer\Vulkan</Filter>
    </ClInclude>
    <ClInclude Include="..\Source\Renderer\Vulkan\VulkanShaderManager.h">
      <Filter>Renderer\Vulkan</Filter>
    </ClInclude>
    <ClInclude Include="..\Source\Renderer\UniformBuffer.h">
      <Filter>Renderer</Filter>
    </ClInclude>
    <ClInclude Include="..\Source\Renderer\RenderingEntityManager.h">
      <Filter>Renderer</Filter>
    </ClInclude>
    <ClInclude Include="..\Source\Renderer\RenderingEntity.h">
      <Filter>Renderer</Filter>
    </ClInclude>
    <ClInclude Include="..\Source\Renderer\Vulkan\VulkanStageBuffers.h">
      <Filter>Renderer\Vulkan</Filter>
    </ClInclude>
    <ClInclude Include="..\Source\GameObject\Transform.h">
      <Filter>GameObject</Filter>
    </ClInclude>
    <ClInclude Include="..\Source\Model\GeometryPrimitives.h">
      <Filter>Model</Filter>
    </ClInclude>
    <ClInclude Include="..\Source\Collision\Primitives\Sphere.h">
      <Filter>Collision\Primitives</Filter>
    </ClInclude>
    <ClInclude Include="..\Source\Collision\CollisionTests.h">
      <Filter>Collision</Filter>
    </ClInclude>
    <ClInclude Include="..\Source\Animation\Skeleton\SkeletonBone.h">
      <Filter>Animation\Skeleton</Filter>
    </ClInclude>
    <ClInclude Include="..\Source\Animation\AnimationController.h">
      <Filter>Animation</Filter>
    </ClInclude>
    <ClInclude Include="..\Source\Animation\Clip.h">
      <Filter>Animation</Filter>
    </ClInclude>
    <ClInclude Include="..\Source\Animation\AnimationMixer.h">
      <Filter>Animation</Filter>
    </ClInclude>
    <ClInclude Include="..\Source\Animation\AnimationMixerPool.h">
      <Filter>Animation</Filter>
    </ClInclude>
    <ClInclude Include="..\Source\Animation\AnimationTimeController.h">
      <Filter>Animation</Filter>
    </ClInclude>
    <ClInclude Include="..\Source\Animation\Skeleton\SkeletonManager.h">
      <Filter>Animation\Skeleton</Filter>
    </ClInclude>
    <ClInclude Include="..\Source\Animation\Skeleton\Skeleton.h">
      <Filter>Animation\Skeleton</Filter>
    </ClInclude>
    <ClInclude Include="..\Source\Animation\KeyFrame.h">
      <Filter>Animation</Filter>
    </ClInclude>
    <ClInclude Include="..\Source\Animation\AnimationClipFactory.h">
      <Filter>Animation</Filter>
    </ClInclude>
    <ClInclude Include="..\Source\GameObject\AnimationGameObject.h">
      <Filter>GameObject</Filter>
    </ClInclude>
    <ClInclude Include="..\Source\Animation\AnimationTimerManager.h">
      <Filter>Animation</Filter>
    </ClInclude>
    <ClInclude Include="..\Source\Logging\Logger.h">
      <Filter>Logging</Filter>
    </ClInclude>
    <ClInclude Include="..\Source\Logging\LogDevice.h">
      <Filter>Logging</Filter>
    </ClInclude>
    <ClInclude Include="..\Source\Logging\LogDevices\DebugWindowDevice.h">
      <Filter>Logging\LogDevices</Filter>
    </ClInclude>
    <ClInclude Include="..\Source\Renderer\Vulkan\VulkanComputePipeline.h">
      <Filter>Renderer\Vulkan</Filter>
    </ClInclude>
    <ClInclude Include="..\Source\Renderer\ComputeEntity.h">
      <Filter>Renderer</Filter>
    </ClInclude>
    <ClInclude Include="..\Source\Renderer\Vulkan\VulkanStorageBuffer.h">
      <Filter>Renderer\Vulkan</Filter>
    </ClInclude>
    <ClInclude Include="..\Source\Renderer\ComputeEntityManager.h">
      <Filter>Renderer</Filter>
    </ClInclude>
    <ClInclude Include="..\Source\Animation\Skeleton\SkeletonInstance.h">
      <Filter>Animation\Skeleton</Filter>
    </ClInclude>
    <ClInclude Include="..\Source\Animation\BlendSpace.h">
      <Filter>Animation</Filter>
    </ClInclude>
    <ClInclude Include="..\Source\Input\Input.hpp">
      <Filter>Input</Filter>
    </ClInclude>
    <ClInclude Include="..\Source\ECS\Entity.hpp">
      <Filter>ECS</Filter>
    </ClInclude>
    <ClInclude Include="..\Source\ECS\Component.hpp">
      <Filter>ECS</Filter>
    </ClInclude>
    <ClInclude Include="..\Source\ECS\Internal\ComponentPool.hpp">
      <Filter>ECS\Internal</Filter>
    </ClInclude>
    <ClInclude Include="..\Source\ECS\Internal\EntityPool.hpp">
      <Filter>ECS\Internal</Filter>
    </ClInclude>
    <ClInclude Include="..\Source\Utilities\TemplateUtils.hpp">
      <Filter>Utilities</Filter>
    </ClInclude>
    <ClInclude Include="..\Source\ECS\System.hpp">
      <Filter>ECS</Filter>
    </ClInclude>
    <ClInclude Include="..\Source\ECS\Systems\TransformSystem.hpp">
      <Filter>ECS\Systems</Filter>
    </ClInclude>
    <ClInclude Include="..\Source\ECS\SystemTypeDefinitions.hpp">
      <Filter>ECS</Filter>
    </ClInclude>
    <ClInclude Include="..\Source\ECS\SystemsManager.hpp">
      <Filter>ECS</Filter>
    </ClInclude>
    <ClInclude Include="..\Source\ECS\ComponentTypeDefinition.hpp">
      <Filter>ECS</Filter>
    </ClInclude>
    <ClInclude Include="..\Source\ECS\Internal\SystemHierarchyRoot.hpp">
      <Filter>ECS\Internal</Filter>
    </ClInclude>
    <ClInclude Include="..\Source\ECS\Components\TransformComponent.hpp">
      <Filter>ECS\Components</Filter>
    </ClInclude>
    <ClInclude Include="..\Source\ECS\Components\RenderComponent.hpp">
      <Filter>ECS\Components</Filter>
    </ClInclude>
    <ClInclude Include="..\Source\ECS\Systems\RenderSystem.hpp">
      <Filter>ECS\Systems</Filter>
    </ClInclude>
    <ClInclude Include="..\Source\ECS\Components\CameraComponent.hpp">
      <Filter>ECS\Components</Filter>
    </ClInclude>
    <ClInclude Include="..\Source\ECS\Systems\CameraSystem.hpp">
      <Filter>ECS\Systems</Filter>
    </ClInclude>
    <ClInclude Include="..\Source\Utilities\CompileTimeCounter.hpp">
      <Filter>Utilities</Filter>
    </ClInclude>
    <ClInclude Include="..\Source\Renderer\UniformBufferType.hpp">
      <Filter>Renderer</Filter>
    </ClInclude>
    <ClInclude Include="..\Source\Scene\GameWorld.hpp">
      <Filter>Scene</Filter>
    </ClInclude>
    <ClInclude Include="..\Source\Scene\Scene.hpp">
      <Filter>Scene</Filter>
    </ClInclude>
    <ClInclude Include="..\Source\Scene\SceneGraph.hpp">
      <Filter>Scene</Filter>
    </ClInclude>
    <ClInclude Include="..\Source\Lighting\Light.hpp">
      <Filter>Lighting</Filter>
    </ClInclude>
  </ItemGroup>
</Project>