<?xml version="1.0" encoding="utf-8"?>
<Project ToolsVersion="4.0" xmlns="http://schemas.microsoft.com/developer/msbuild/2003">
  <ItemGroup>
    <Filter Include="Source">
      <UniqueIdentifier>{9207efa2-9e0e-42cd-a7b2-b9eed4237fe0}</UniqueIdentifier>
    </Filter>
  </ItemGroup>
  <ItemGroup>
    <ClCompile Include="..\..\Source\Standalone\StandaloneEntry.cpp">
      <Filter>Source</Filter>
    </ClCompile>
  </ItemGroup>
</Project>