<?xml version="1.0" encoding="utf-8"?>
<Project ToolsVersion="4.0" xmlns="http://schemas.microsoft.com/developer/msbuild/2003">
  <ItemGroup>
    <Filter Include="UnitTests">
      <UniqueIdentifier>{b60b9cfe-2a57-4af4-8119-7c2d852e01d7}</UniqueIdentifier>
    </Filter>
    <Filter Include="UnitTests\Memory">
      <UniqueIdentifier>{c78d0302-facf-4022-8987-89b01d9079cb}</UniqueIdentifier>
    </Filter>
    <Filter Include="Framework">
      <UniqueIdentifier>{81351b89-b679-465a-946e-1bb036c55330}</UniqueIdentifier>
    </Filter>
    <Filter Include="UnitTests\Math">
      <UniqueIdentifier>{80ed4aa4-b1c9-4e89-b4a7-89e7918cd631}</UniqueIdentifier>
    </Filter>
    <Filter Include="UnitTests\ECS">
      <UniqueIdentifier>{8d5efb11-2330-41df-83f3-9e9c2d7d9ff4}</UniqueIdentifier>
    </Filter>
  </ItemGroup>
  <ItemGroup>
    <ClCompile Include="..\..\Source\UnitTests\UnitTestMain.cpp" />
    <ClCompile Include="..\..\Source\UnitTests\Memory\Heap_Tests.cpp">
      <Filter>UnitTests\Memory</Filter>
    </ClCompile>
    <ClCompile Include="..\..\Source\UnitTests\Memory\Memory_Tests.cpp">
      <Filter>UnitTests\Memory</Filter>
    </ClCompile>
    <ClCompile Include="..\..\Source\UnitTests\Memory\StressAlignment_Tests.cpp">
      <Filter>UnitTests\Memory</Filter>
    </ClCompile>
    <ClCompile Include="..\..\Source\UnitTests\Memory\StressHeap_Tests.cpp">
      <Filter>UnitTests\Memory</Filter>
    </ClCompile>
    <ClCompile Include="..\..\Source\UnitTests\Memory\StressTracking_Tests.cpp">
      <Filter>UnitTests\Memory</Filter>
    </ClCompile>
    <ClCompile Include="..\..\Source\UnitTests\Memory\TrackingGlobal_Tests.cpp">
      <Filter>UnitTests\Memory</Filter>
    </ClCompile>
    <ClCompile Include="..\..\Source\UnitTests\Memory\TrackingHeap_Tests.cpp">
      <Filter>UnitTests\Memory</Filter>
    </ClCompile>
    <ClCompile Include="..\..\Source\UnitTests\Memory\Alignment_Tests.cpp">
      <Filter>UnitTests\Memory</Filter>
    </ClCompile>
    <ClCompile Include="..\..\Source\UnitTests\Memory\Dog.cpp">
      <Filter>UnitTests\Memory</Filter>
    </ClCompile>
    <ClCompile Include="..\..\Source\UnitTests\Framework\Timer.cpp">
      <Filter>Framework</Filter>
    </ClCompile>
    <ClCompile Include="..\..\Source\UnitTests\Framework\UnitTest.cpp">
      <Filter>Framework</Filter>
    </ClCompile>
    <ClCompile Include="..\..\Source\UnitTests\Framework\FileIO.cpp">
      <Filter>Framework</Filter>
    </ClCompile>
    <ClCompile Include="..\..\Source\UnitTests\Math\Combo.cpp">
      <Filter>UnitTests\Math</Filter>
    </ClCompile>
    <ClCompile Include="..\..\Source\UnitTests\Math\Matrix_Accessor.cpp">
      <Filter>UnitTests\Math</Filter>
    </ClCompile>
    <ClCompile Include="..\..\Source\UnitTests\Math\Matrix_AddSub.cpp">
      <Filter>UnitTests\Math</Filter>
    </ClCompile>
    <ClCompile Include="..\..\Source\UnitTests\Math\Matrix_Bracket.cpp">
      <Filter>UnitTests\Math</Filter>
    </ClCompile>
    <ClCompile Include="..\..\Source\UnitTests\Math\Matrix_Constructor.cpp">
      <Filter>UnitTests\Math</Filter>
    </ClCompile>
    <ClCompile Include="..\..\Source\UnitTests\Math\Matrix_Functions.cpp">
      <Filter>UnitTests\Math</Filter>
    </ClCompile>
    <ClCompile Include="..\..\Source\UnitTests\Math\Matrix_Inverse.cpp">
      <Filter>UnitTests\Math</Filter>
    </ClCompile>
    <ClCompile Include="..\..\Source\UnitTests\Math\Matrix_Multiply.cpp">
      <Filter>UnitTests\Math</Filter>
    </ClCompile>
    <ClCompile Include="..\..\Source\UnitTests\Math\Matrix_Scale.cpp">
      <Filter>UnitTests\Math</Filter>
    </ClCompile>
    <ClCompile Include="..\..\Source\UnitTests\Math\Matrix_set.cpp">
      <Filter>UnitTests\Math</Filter>
    </ClCompile>
    <ClCompile Include="..\..\Source\UnitTests\Math\Matrix_Special.cpp">
      <Filter>UnitTests\Math</Filter>
    </ClCompile>
    <ClCompile Include="..\..\Source\UnitTests\Math\Matrix_unary.cpp">
      <Filter>UnitTests\Math</Filter>
    </ClCompile>
    <ClCompile Include="..\..\Source\UnitTests\Math\Quat_Accessors.cpp">
      <Filter>UnitTests\Math</Filter>
    </ClCompile>
    <ClCompile Include="..\..\Source\UnitTests\Math\Quat_AddSubMultDiv.cpp">
      <Filter>UnitTests\Math</Filter>
    </ClCompile>
    <ClCompile Include="..\..\Source\UnitTests\Math\Quat_Boolean.cpp">
      <Filter>UnitTests\Math</Filter>
    </ClCompile>
    <ClCompile Include="..\..\Source\UnitTests\Math\Quat_Constructor.cpp">
      <Filter>UnitTests\Math</Filter>
    </ClCompile>
    <ClCompile Include="..\..\Source\UnitTests\Math\Quat_Functions.cpp">
      <Filter>UnitTests\Math</Filter>
    </ClCompile>
    <ClCompile Include="..\..\Source\UnitTests\Math\Quat_Proxy.cpp">
      <Filter>UnitTests\Math</Filter>
    </ClCompile>
    <ClCompile Include="..\..\Source\UnitTests\Math\Quat_SetGet.cpp">
      <Filter>UnitTests\Math</Filter>
    </ClCompile>
    <ClCompile Include="..\..\Source\UnitTests\Math\QuatApp_Slerp.cpp">
      <Filter>UnitTests\Math</Filter>
    </ClCompile>
    <ClCompile Include="..\..\Source\UnitTests\Math\Vect_Accessors.cpp">
      <Filter>UnitTests\Math</Filter>
    </ClCompile>
    <ClCompile Include="..\..\Source\UnitTests\Math\Vect_AddSub.cpp">
      <Filter>UnitTests\Math</Filter>
    </ClCompile>
    <ClCompile Include="..\..\Source\UnitTests\Math\Vect_Boolean.cpp">
      <Filter>UnitTests\Math</Filter>
    </ClCompile>
    <ClCompile Include="..\..\Source\UnitTests\Math\Vect_Bracket.cpp">
      <Filter>UnitTests\Math</Filter>
    </ClCompile>
    <ClCompile Include="..\..\Source\UnitTests\Math\Vect_Constructors.cpp">
      <Filter>UnitTests\Math</Filter>
    </ClCompile>
    <ClCompile Include="..\..\Source\UnitTests\Math\Vect_Functions.cpp">
      <Filter>UnitTests\Math</Filter>
    </ClCompile>
    <ClCompile Include="..\..\Source\UnitTests\Math\Vect_Matrix.cpp">
      <Filter>UnitTests\Math</Filter>
    </ClCompile>
    <ClCompile Include="..\..\Source\UnitTests\Math\Vect_Scale.cpp">
      <Filter>UnitTests\Math</Filter>
    </ClCompile>
    <ClCompile Include="..\..\Source\UnitTests\Math\Vect_Set.cpp">
      <Filter>UnitTests\Math</Filter>
    </ClCompile>
    <ClCompile Include="..\..\Source\UnitTests\Math\Vect_Start_Here.cpp">
      <Filter>UnitTests\Math</Filter>
    </ClCompile>
    <ClCompile Include="..\..\Source\UnitTests\Math\Vect_unary.cpp">
      <Filter>UnitTests\Math</Filter>
    </ClCompile>
    <ClCompile Include="..\..\Source\UnitTests\Math\VectApp_Lerp.cpp">
      <Filter>UnitTests\Math</Filter>
    </ClCompile>
  </ItemGroup>
  <ItemGroup>
    <ClInclude Include="..\..\Source\UnitTests\Memory\Dog.h">
      <Filter>UnitTests\Memory</Filter>
    </ClInclude>
    <ClInclude Include="..\..\Source\UnitTests\Framework\FileIO.h">
      <Filter>Framework</Filter>
    </ClInclude>
    <ClInclude Include="..\..\Source\UnitTests\Framework\MemTracker.h">
      <Filter>Framework</Filter>
    </ClInclude>
    <ClInclude Include="..\..\Source\UnitTests\Framework\MemTrackerMain.h">
      <Filter>Framework</Filter>
    </ClInclude>
    <ClInclude Include="..\..\Source\UnitTests\Framework\Timer.h">
      <Filter>Framework</Filter>
    </ClInclude>
    <ClInclude Include="..\..\Source\UnitTests\Framework\Trace.h">
      <Filter>Framework</Filter>
    </ClInclude>
    <ClInclude Include="..\..\Source\UnitTests\Framework\UnitTest.h">
      <Filter>Framework</Filter>
    </ClInclude>
  </ItemGroup>
</Project>