<?xml version="1.0" encoding="utf-8"?>
<Project ToolsVersion="4.0" xmlns="http://schemas.microsoft.com/developer/msbuild/2003">
  <ItemGroup>
    <Filter Include="Source">
      <UniqueIdentifier>{2c688be3-ae71-4d17-803d-4a7f50f87c95}</UniqueIdentifier>
    </Filter>
    <Filter Include="Source\Camera">
      <UniqueIdentifier>{2fc7dc7a-d777-47ec-86ef-d9f9ba8cb0f8}</UniqueIdentifier>
    </Filter>
    <Filter Include="Source\Mesh">
      <UniqueIdentifier>{da7cc5d2-ad1e-4436-9f90-adbb99b4d2fc}</UniqueIdentifier>
    </Filter>
    <Filter Include="Source\Window">
      <UniqueIdentifier>{d69ee1f0-f27e-4e28-b14e-44cf4bdaa887}</UniqueIdentifier>
    </Filter>
    <Filter Include="Source\Input">
      <UniqueIdentifier>{ebb1c2f8-77f6-492e-ad7c-63d589690619}</UniqueIdentifier>
    </Filter>
    <Filter Include="Source\Model">
      <UniqueIdentifier>{65e8eb56-7daa-4c06-ad6e-5b31125de6c9}</UniqueIdentifier>
    </Filter>
    <Filter Include="Source\GameObject">
      <UniqueIdentifier>{4a480587-b640-4369-816e-bf64d7274149}</UniqueIdentifier>
    </Filter>
    <Filter Include="Source\Scene">
      <UniqueIdentifier>{dabbd75c-ffa5-4084-b7a7-9f05b4c85d7c}</UniqueIdentifier>
    </Filter>
    <Filter Include="Source\Lighting">
      <UniqueIdentifier>{69a09036-8915-4f64-98ec-0841f6d57b6e}</UniqueIdentifier>
    </Filter>
    <Filter Include="Source\RenderPipeline">
      <UniqueIdentifier>{35864a29-d840-4473-ba6e-911a71deab12}</UniqueIdentifier>
    </Filter>
    <Filter Include="Source\ECS">
      <UniqueIdentifier>{8735c9ec-ab5f-418d-84cc-9fd9bfc67cb6}</UniqueIdentifier>
    </Filter>
    <Filter Include="Source\ECS\Internal">
      <UniqueIdentifier>{219abbae-3f4e-4a82-a05c-932a622d5137}</UniqueIdentifier>
    </Filter>
    <Filter Include="Source\ECS\Systems">
      <UniqueIdentifier>{027fd02b-b0b4-4c9b-ae6f-7f53c472e0c6}</UniqueIdentifier>
    </Filter>
    <Filter Include="Source\ECS\Components">
      <UniqueIdentifier>{539ffc82-36d8-4353-9cc0-425dd05ce4ff}</UniqueIdentifier>
    </Filter>
    <Filter Include="Source\Fonts">
      <UniqueIdentifier>{90c2ae6f-792a-4c7f-aeed-71961393073a}</UniqueIdentifier>
    </Filter>
    <Filter Include="Source\Visualization">
      <UniqueIdentifier>{6a901748-0db9-47fd-88eb-d12722ca9901}</UniqueIdentifier>
    </Filter>
    <Filter Include="Source\Input\Internal">
      <UniqueIdentifier>{a1024ee9-037e-4f1b-b431-cd30a3fadbbe}</UniqueIdentifier>
    </Filter>
    <Filter Include="Source\UI">
      <UniqueIdentifier>{42e32047-3adf-4782-8094-eceb960b9bd1}</UniqueIdentifier>
    </Filter>
    <Filter Include="Source\Engine">
      <UniqueIdentifier>{969a4712-9e3e-4c3c-aaca-8488d93d1b45}</UniqueIdentifier>
    </Filter>
    <Filter Include="Source\Engine\Internal">
      <UniqueIdentifier>{c30359eb-75e2-44e4-8a18-ab52cb7c0c0a}</UniqueIdentifier>
    </Filter>
    <Filter Include="Source\Entry">
      <UniqueIdentifier>{2406804d-2d0b-4aee-999f-94a599a2a331}</UniqueIdentifier>
    </Filter>
    <Filter Include="Source\UI\Internal">
      <UniqueIdentifier>{f2489d94-584d-4b8c-9b9d-99c356eeb3ff}</UniqueIdentifier>
    </Filter>
  </ItemGroup>
  <ItemGroup>
    <ClCompile Include="..\..\Source\Musa\Camera\Camera.cpp">
      <Filter>Source\Camera</Filter>
    </ClCompile>
    <ClCompile Include="..\..\Source\Musa\Camera\CameraManager.cpp">
      <Filter>Source\Camera</Filter>
    </ClCompile>
    <ClCompile Include="..\..\Source\Musa\Camera\ViewFrustum.cpp">
      <Filter>Source\Camera</Filter>
    </ClCompile>
    <ClCompile Include="..\..\Source\Musa\Entry\main.cpp">
      <Filter>Source\Entry</Filter>
    </ClCompile>
    <ClCompile Include="..\..\Source\Musa\Input\Input.cpp">
      <Filter>Source\Input</Filter>
    </ClCompile>
    <ClCompile Include="..\..\Source\Musa\Mesh\MeshManager.cpp">
      <Filter>Source\Mesh</Filter>
    </ClCompile>
    <ClCompile Include="..\..\Source\Musa\Mesh\MeshUtilities.cpp">
      <Filter>Source\Mesh</Filter>
    </ClCompile>
    <ClCompile Include="..\..\Source\Musa\Mesh\Mesh.cpp">
      <Filter>Source\Mesh</Filter>
    </ClCompile>
    <ClCompile Include="..\..\Source\Musa\Model\Model.cpp">
      <Filter>Source\Model</Filter>
    </ClCompile>
    <ClCompile Include="..\..\Source\Musa\Model\ModelFactory.cpp">
      <Filter>Source\Model</Filter>
    </ClCompile>
    <ClCompile Include="..\..\Source\Musa\GameObject\GameObjectManager.cpp">
      <Filter>Source\GameObject</Filter>
    </ClCompile>
    <ClCompile Include="..\..\Source\Musa\GameObject\GameObject.cpp">
      <Filter>Source\GameObject</Filter>
    </ClCompile>
    <ClCompile Include="..\..\Source\Musa\GameObject\RenderObject.cpp">
      <Filter>Source\GameObject</Filter>
    </ClCompile>
    <ClCompile Include="..\..\Source\Musa\GameObject\RenderObjectManager.cpp">
      <Filter>Source\GameObject</Filter>
    </ClCompile>
    <ClCompile Include="..\..\Source\Musa\Scene\GameWorld.cpp">
      <Filter>Source\Scene</Filter>
    </ClCompile>
    <ClCompile Include="..\..\Source\Musa\Scene\Scene.cpp">
      <Filter>Source\Scene</Filter>
    </ClCompile>
    <ClCompile Include="..\..\Source\Musa\Scene\ScreenView.cpp">
      <Filter>Source\Scene</Filter>
    </ClCompile>
    <ClCompile Include="..\..\Source\Musa\Scene\ViewUtilties.cpp">
      <Filter>Source\Scene</Filter>
    </ClCompile>
    <ClCompile Include="..\..\Source\Musa\Lighting\PointLight.cpp">
      <Filter>Source\Lighting</Filter>
    </ClCompile>
    <ClCompile Include="..\..\Source\Musa\Lighting\SpotLight.cpp">
      <Filter>Source\Lighting</Filter>
    </ClCompile>
    <ClCompile Include="..\..\Source\Musa\Lighting\Light.cpp">
      <Filter>Source\Lighting</Filter>
    </ClCompile>
    <ClCompile Include="..\..\Source\Musa\Camera\GodCamera.cpp">
      <Filter>Source\Camera</Filter>
    </ClCompile>
    <ClCompile Include="..\..\Source\Musa\Scene\Viewport.cpp">
      <Filter>Source\Scene</Filter>
    </ClCompile>
    <ClCompile Include="..\..\Source\Musa\ECS\Component.cpp">
      <Filter>Source\ECS</Filter>
    </ClCompile>
    <ClCompile Include="..\..\Source\Musa\ECS\ComponentTypeDefinition.cpp">
      <Filter>Source\ECS</Filter>
    </ClCompile>
    <ClCompile Include="..\..\Source\Musa\ECS\Entity.cpp">
      <Filter>Source\ECS</Filter>
    </ClCompile>
    <ClCompile Include="..\..\Source\Musa\ECS\System.cpp">
      <Filter>Source\ECS</Filter>
    </ClCompile>
    <ClCompile Include="..\..\Source\Musa\ECS\SystemsManager.cpp">
      <Filter>Source\ECS</Filter>
    </ClCompile>
    <ClCompile Include="..\..\Source\Musa\ECS\Internal\ComponentPool.cpp">
      <Filter>Source\ECS\Internal</Filter>
    </ClCompile>
    <ClCompile Include="..\..\Source\Musa\ECS\Internal\EntityPool.cpp">
      <Filter>Source\ECS\Internal</Filter>
    </ClCompile>
    <ClCompile Include="..\..\Source\Musa\ECS\Systems\CameraSystem.cpp">
      <Filter>Source\ECS\Systems</Filter>
    </ClCompile>
    <ClCompile Include="..\..\Source\Musa\ECS\Systems\InputSystem.cpp">
      <Filter>Source\ECS\Systems</Filter>
    </ClCompile>
    <ClCompile Include="..\..\Source\Musa\ECS\Systems\MovementSystem.cpp">
      <Filter>Source\ECS\Systems</Filter>
    </ClCompile>
    <ClCompile Include="..\..\Source\Musa\ECS\Systems\RenderSystem.cpp">
      <Filter>Source\ECS\Systems</Filter>
    </ClCompile>
    <ClCompile Include="..\..\Source\Musa\ECS\Systems\TransformSystem.cpp">
      <Filter>Source\ECS\Systems</Filter>
    </ClCompile>
    <ClCompile Include="..\..\Source\Musa\ECS\Components\CameraComponent.cpp">
      <Filter>Source\ECS\Components</Filter>
    </ClCompile>
    <ClCompile Include="..\..\Source\Musa\ECS\Components\InputComponent.cpp">
      <Filter>Source\ECS\Components</Filter>
    </ClCompile>
    <ClCompile Include="..\..\Source\Musa\ECS\Components\MovementComponent.cpp">
      <Filter>Source\ECS\Components</Filter>
    </ClCompile>
    <ClCompile Include="..\..\Source\Musa\ECS\Components\RenderComponent.cpp">
      <Filter>Source\ECS\Components</Filter>
    </ClCompile>
    <ClCompile Include="..\..\Source\Musa\ECS\Components\TransformComponent.cpp">
      <Filter>Source\ECS\Components</Filter>
    </ClCompile>
    <ClCompile Include="..\..\Source\Musa\RenderPipeline\BatchPrimitives.cpp">
      <Filter>Source\RenderPipeline</Filter>
    </ClCompile>
    <ClCompile Include="..\..\Source\Musa\Font\FontCache.cpp">
      <Filter>Source\Fonts</Filter>
    </ClCompile>
    <ClCompile Include="..\..\Source\Musa\RenderPipeline\UserInterfacePipeline.cpp">
      <Filter>Source\RenderPipeline</Filter>
    </ClCompile>
    <ClCompile Include="..\..\Source\Musa\Visualization\EngineStatView.cpp">
      <Filter>Source\Visualization</Filter>
    </ClCompile>
    <ClCompile Include="..\..\Source\Musa\RenderPipeline\SceneRenderPipeline.cpp">
      <Filter>Source\RenderPipeline</Filter>
    </ClCompile>
    <ClCompile Include="..\..\Source\Musa\Engine\FrameData.cpp">
      <Filter>Source\Engine</Filter>
    </ClCompile>
    <ClCompile Include="..\..\Source\Musa\Window\Window.cpp">
      <Filter>Source\Window</Filter>
    </ClCompile>
    <ClCompile Include="..\..\Source\Musa\Engine\MusaAppWindows.cpp">
      <Filter>Source\Engine</Filter>
    </ClCompile>
    <ClCompile Include="..\..\Source\Musa\Engine\MusaEngine.cpp">
      <Filter>Source\Engine</Filter>
    </ClCompile>
    <ClCompile Include="..\..\Source\Musa\Entry\MusaApp.cpp">
      <Filter>Source\Entry</Filter>
    </ClCompile>
    <ClCompile Include="..\..\Source\Musa\Input\WindowInputHandler.cpp">
      <Filter>Source\Input</Filter>
    </ClCompile>
    <ClCompile Include="..\..\Source\Musa\Engine\MusaAppOS.cpp">
      <Filter>Source\Engine</Filter>
    </ClCompile>
    <ClCompile Include="..\..\Source\Musa\Input\GameInput.cpp">
      <Filter>Source\Input</Filter>
    </ClCompile>
    <ClCompile Include="..\..\Source\Musa\Input\InputEvents.cpp">
      <Filter>Source\Input</Filter>
    </ClCompile>
    <ClCompile Include="..\..\Source\Musa\Input\PlayerInputContext.cpp">
      <Filter>Source\Input</Filter>
    </ClCompile>
    <ClCompile Include="..\..\Source\Musa\UI\UIContext.cpp">
      <Filter>Source\UI</Filter>
    </ClCompile>
    <ClCompile Include="..\..\Source\Musa\UI\UIPath.cpp">
      <Filter>Source\UI</Filter>
    </ClCompile>
    <ClCompile Include="..\..\Source\Musa\UI\UIArea.cpp">
      <Filter>Source\UI</Filter>
    </ClCompile>
    <ClCompile Include="..\..\Source\Musa\UI\UIWidget.cpp">
      <Filter>Source\UI</Filter>
    </ClCompile>
    <ClCompile Include="..\..\Source\Musa\UI\UI.cpp">
      <Filter>Source\UI</Filter>
    </ClCompile>
    <ClCompile Include="..\..\Source\Musa\UI\UIButton.cpp">
      <Filter>Source\UI</Filter>
    </ClCompile>
    <ClCompile Include="..\..\Source\Musa\UI\UIText.cpp">
      <Filter>Source\UI</Filter>
    </ClCompile>
    <ClCompile Include="..\..\Source\Musa\UI\UITextInput.cpp">
      <Filter>Source\UI</Filter>
    </ClCompile>
    <ClCompile Include="..\..\Source\Musa\UI\UIImage.cpp">
      <Filter>Source\UI</Filter>
    </ClCompile>
    <ClCompile Include="..\..\Source\Musa\RenderPipeline\LightingPipeline.cpp">
      <Filter>Source\RenderPipeline</Filter>
    </ClCompile>
  </ItemGroup>
  <ItemGroup>
    <ClInclude Include="..\..\Source\Musa\Camera\Camera.h">
      <Filter>Source\Camera</Filter>
    </ClInclude>
    <ClInclude Include="..\..\Source\Musa\Camera\CameraManager.h">
      <Filter>Source\Camera</Filter>
    </ClInclude>
    <ClInclude Include="..\..\Source\Musa\Camera\ViewFrustum.hpp">
      <Filter>Source\Camera</Filter>
    </ClInclude>
    <ClInclude Include="..\..\Source\Musa\Input\Input.hpp">
      <Filter>Source\Input</Filter>
    </ClInclude>
    <ClInclude Include="..\..\Source\Musa\Mesh\MeshInfo.hpp">
      <Filter>Source\Mesh</Filter>
    </ClInclude>
    <ClInclude Include="..\..\Source\Musa\Mesh\MeshManager.h">
      <Filter>Source\Mesh</Filter>
    </ClInclude>
    <ClInclude Include="..\..\Source\Musa\Mesh\MeshRenderEntity.hpp">
      <Filter>Source\Mesh</Filter>
    </ClInclude>
    <ClInclude Include="..\..\Source\Musa\Mesh\MeshSceneInfo.hpp">
      <Filter>Source\Mesh</Filter>
    </ClInclude>
    <ClInclude Include="..\..\Source\Musa\Mesh\MeshUtilities.hpp">
      <Filter>Source\Mesh</Filter>
    </ClInclude>
    <ClInclude Include="..\..\Source\Musa\Mesh\GeometryPrimitives.h">
      <Filter>Source\Mesh</Filter>
    </ClInclude>
    <ClInclude Include="..\..\Source\Musa\Mesh\Mesh.h">
      <Filter>Source\Mesh</Filter>
    </ClInclude>
    <ClInclude Include="..\..\Source\Musa\Model\ModelFactory.h">
      <Filter>Source\Model</Filter>
    </ClInclude>
    <ClInclude Include="..\..\Source\Musa\Model\ModelFileHeader.h">
      <Filter>Source\Model</Filter>
    </ClInclude>
    <ClInclude Include="..\..\Source\Musa\Model\Model.h">
      <Filter>Source\Model</Filter>
    </ClInclude>
    <ClInclude Include="..\..\Source\Musa\GameObject\GameObject.h">
      <Filter>Source\GameObject</Filter>
    </ClInclude>
    <ClInclude Include="..\..\Source\Musa\GameObject\GameObjectManager.h">
      <Filter>Source\GameObject</Filter>
    </ClInclude>
    <ClInclude Include="..\..\Source\Musa\GameObject\Transform.h">
      <Filter>Source\GameObject</Filter>
    </ClInclude>
    <ClInclude Include="..\..\Source\Musa\GameObject\RenderObject.hpp">
      <Filter>Source\GameObject</Filter>
    </ClInclude>
    <ClInclude Include="..\..\Source\Musa\GameObject\RenderObjectManager.hpp">
      <Filter>Source\GameObject</Filter>
    </ClInclude>
    <ClInclude Include="..\..\Source\Musa\Scene\GameWorld.hpp">
      <Filter>Source\Scene</Filter>
    </ClInclude>
    <ClInclude Include="..\..\Source\Musa\Scene\Scene.hpp">
      <Filter>Source\Scene</Filter>
    </ClInclude>
    <ClInclude Include="..\..\Source\Musa\Scene\SceneGraph.hpp">
      <Filter>Source\Scene</Filter>
    </ClInclude>
    <ClInclude Include="..\..\Source\Musa\Scene\SceneRoot.h">
      <Filter>Source\Scene</Filter>
    </ClInclude>
    <ClInclude Include="..\..\Source\Musa\Scene\ScreenView.hpp">
      <Filter>Source\Scene</Filter>
    </ClInclude>
    <ClInclude Include="..\..\Source\Musa\Lighting\PointLight.hpp">
      <Filter>Source\Lighting</Filter>
    </ClInclude>
    <ClInclude Include="..\..\Source\Musa\Lighting\SpotLight.hpp">
      <Filter>Source\Lighting</Filter>
    </ClInclude>
    <ClInclude Include="..\..\Source\Musa\Lighting\Light.hpp">
      <Filter>Source\Lighting</Filter>
    </ClInclude>
    <ClInclude Include="..\..\Source\Musa\Camera\GodCamera.hpp">
      <Filter>Source\Camera</Filter>
    </ClInclude>
    <ClInclude Include="..\..\Source\Musa\Scene\Viewport.hpp">
      <Filter>Source\Scene</Filter>
    </ClInclude>
    <ClInclude Include="..\..\Source\Musa\ECS\Component.hpp">
      <Filter>Source\ECS</Filter>
    </ClInclude>
    <ClInclude Include="..\..\Source\Musa\ECS\ComponentTypeDefinition.hpp">
      <Filter>Source\ECS</Filter>
    </ClInclude>
    <ClInclude Include="..\..\Source\Musa\ECS\Entity.hpp">
      <Filter>Source\ECS</Filter>
    </ClInclude>
    <ClInclude Include="..\..\Source\Musa\ECS\System.hpp">
      <Filter>Source\ECS</Filter>
    </ClInclude>
    <ClInclude Include="..\..\Source\Musa\ECS\SystemsManager.hpp">
      <Filter>Source\ECS</Filter>
    </ClInclude>
    <ClInclude Include="..\..\Source\Musa\ECS\SystemTypeDefinitions.hpp">
      <Filter>Source\ECS</Filter>
    </ClInclude>
    <ClInclude Include="..\..\Source\Musa\ECS\Internal\ComponentPool.hpp">
      <Filter>Source\ECS\Internal</Filter>
    </ClInclude>
    <ClInclude Include="..\..\Source\Musa\ECS\Internal\EntityPool.hpp">
      <Filter>Source\ECS\Internal</Filter>
    </ClInclude>
    <ClInclude Include="..\..\Source\Musa\ECS\Internal\SystemHierarchyRoot.hpp">
      <Filter>Source\ECS\Internal</Filter>
    </ClInclude>
    <ClInclude Include="..\..\Source\Musa\ECS\Systems\CameraSystem.hpp">
      <Filter>Source\ECS\Systems</Filter>
    </ClInclude>
    <ClInclude Include="..\..\Source\Musa\ECS\Systems\InputSystem.hpp">
      <Filter>Source\ECS\Systems</Filter>
    </ClInclude>
    <ClInclude Include="..\..\Source\Musa\ECS\Systems\MovementSystem.hpp">
      <Filter>Source\ECS\Systems</Filter>
    </ClInclude>
    <ClInclude Include="..\..\Source\Musa\ECS\Systems\RenderSystem.hpp">
      <Filter>Source\ECS\Systems</Filter>
    </ClInclude>
    <ClInclude Include="..\..\Source\Musa\ECS\Systems\TransformSystem.hpp">
      <Filter>Source\ECS\Systems</Filter>
    </ClInclude>
    <ClInclude Include="..\..\Source\Musa\ECS\Components\CameraComponent.hpp">
      <Filter>Source\ECS\Components</Filter>
    </ClInclude>
    <ClInclude Include="..\..\Source\Musa\ECS\Components\InputComponent.hpp">
      <Filter>Source\ECS\Components</Filter>
    </ClInclude>
    <ClInclude Include="..\..\Source\Musa\ECS\Components\MovementComponent.hpp">
      <Filter>Source\ECS\Components</Filter>
    </ClInclude>
    <ClInclude Include="..\..\Source\Musa\ECS\Components\RenderComponent.hpp">
      <Filter>Source\ECS\Components</Filter>
    </ClInclude>
    <ClInclude Include="..\..\Source\Musa\ECS\Components\TransformComponent.hpp">
      <Filter>Source\ECS\Components</Filter>
    </ClInclude>
    <ClInclude Include="..\..\Source\Musa\RenderPipeline\BatchPrimitives.hpp">
      <Filter>Source\RenderPipeline</Filter>
    </ClInclude>
    <ClInclude Include="..\..\Source\Musa\Font\FontCache.hpp">
      <Filter>Source\Fonts</Filter>
    </ClInclude>
    <ClInclude Include="..\..\Source\Musa\RenderPipeline\UserInterfacePipeline.hpp">
      <Filter>Source\RenderPipeline</Filter>
    </ClInclude>
    <ClInclude Include="..\..\Source\Musa\Font\DistanceFieldGeneration.hpp">
      <Filter>Source\Fonts</Filter>
    </ClInclude>
    <ClInclude Include="..\..\Source\Musa\Visualization\EngineStatView.hpp">
      <Filter>Source\Visualization</Filter>
    </ClInclude>
    <ClInclude Include="..\..\Source\Musa\Visualization\ScreenTextItem.hpp">
      <Filter>Source\Visualization</Filter>
    </ClInclude>
    <ClInclude Include="..\..\Source\Musa\RenderPipeline\SceneRenderPipeline.h">
      <Filter>Source\RenderPipeline</Filter>
    </ClInclude>
    <ClInclude Include="..\..\Source\Musa\Input\Internal\InputInternal.hpp">
      <Filter>Source\Input\Internal</Filter>
    </ClInclude>
    <ClInclude Include="..\..\Source\Musa\UI\ProfilingUI.hpp">
      <Filter>Source\UI</Filter>
    </ClInclude>
    <ClInclude Include="..\..\Source\Musa\Engine\FrameData.hpp">
      <Filter>Source\Engine</Filter>
    </ClInclude>
    <ClInclude Include="..\..\Source\Musa\Engine\Internal\FrameDataInternal.hpp">
      <Filter>Source\Engine\Internal</Filter>
    </ClInclude>
    <ClInclude Include="..\..\Source\Musa\UI\UIWidget.hpp">
      <Filter>Source\UI</Filter>
    </ClInclude>
    <ClInclude Include="..\..\Source\Musa\Input\IInputReceiver.hpp">
      <Filter>Source\Input</Filter>
    </ClInclude>
    <ClInclude Include="..\..\Source\Musa\Window\Window.h">
      <Filter>Source\Window</Filter>
    </ClInclude>
    <ClInclude Include="..\..\Source\Musa\Engine\MusaAppWindows.hpp">
      <Filter>Source\Engine</Filter>
    </ClInclude>
    <ClInclude Include="..\..\Source\Musa\Engine\MusaAppOS.hpp">
      <Filter>Source\Engine</Filter>
    </ClInclude>
    <ClInclude Include="..\..\Source\Musa\Engine\MusaEngine.hpp">
      <Filter>Source\Engine</Filter>
    </ClInclude>
    <ClInclude Include="..\..\Source\Musa\Entry\MusaApp.hpp">
      <Filter>Source\Entry</Filter>
    </ClInclude>
    <ClInclude Include="..\..\Source\Musa\Input\WindowInputHandler.hpp">
      <Filter>Source\Input</Filter>
    </ClInclude>
    <ClInclude Include="..\..\Source\Musa\Input\GameInput.hpp">
      <Filter>Source\Input</Filter>
    </ClInclude>
    <ClInclude Include="..\..\Source\Musa\Input\InputSettings.hpp">
      <Filter>Source\Input</Filter>
    </ClInclude>
    <ClInclude Include="..\..\Source\Musa\Input\InputEvents.hpp">
      <Filter>Source\Input</Filter>
    </ClInclude>
    <ClInclude Include="..\..\Source\Musa\Input\PlayerInputContext.hpp">
      <Filter>Source\Input</Filter>
    </ClInclude>
    <ClInclude Include="..\..\Source\Musa\Input\InputDefinitions.hpp">
      <Filter>Source\Input</Filter>
    </ClInclude>
    <ClInclude Include="..\..\Source\Musa\Input\Internal\ControllerInputUtilities.hpp">
      <Filter>Source\Input\Internal</Filter>
    </ClInclude>
    <ClInclude Include="..\..\Source\Musa\UI\UIContext.hpp">
      <Filter>Source\UI</Filter>
    </ClInclude>
    <ClInclude Include="..\..\Source\Musa\UI\UIPath.hpp">
      <Filter>Source\UI</Filter>
    </ClInclude>
    <ClInclude Include="..\..\Source\Musa\UI\UIArea.hpp">
      <Filter>Source\UI</Filter>
    </ClInclude>
    <ClInclude Include="..\..\Source\Musa\UI\UI.hpp">
      <Filter>Source\UI</Filter>
    </ClInclude>
    <ClInclude Include="..\..\Source\Musa\UI\UIInternal.hpp">
      <Filter>Source\UI\Internal</Filter>
    </ClInclude>
    <ClInclude Include="..\..\Source\Musa\UI\UIButton.hpp">
      <Filter>Source\UI</Filter>
    </ClInclude>
    <ClInclude Include="..\..\Source\Musa\UI\UIText.hpp">
      <Filter>Source\UI</Filter>
    </ClInclude>
    <ClInclude Include="..\..\Source\Musa\UI\UIImage.hpp">
      <Filter>Source\UI</Filter>
    </ClInclude>
    <ClInclude Include="..\..\Source\Musa\UI\UITextInput.hpp">
      <Filter>Source\UI</Filter>
    </ClInclude>
    <ClInclude Include="..\..\Source\Musa\UI\UIProgressBar.hpp">
      <Filter>Source\UI</Filter>
    </ClInclude>
    <ClInclude Include="..\..\Source\Musa\RenderPipeline\FrameRenderTargets.hpp">
      <Filter>Source\RenderPipeline</Filter>
    </ClInclude>
    <ClInclude Include="..\..\Source\Musa\RenderPipeline\LightingPipeline.hpp">
      <Filter>Source\RenderPipeline</Filter>
    </ClInclude>
    <ClInclude Include="..\..\Source\Musa\RenderPipeline\DeferredRenderPipeline.hpp">
      <Filter>Source\RenderPipeline</Filter>
    </ClInclude>
  </ItemGroup>
</Project>