<?xml version="1.0" encoding="utf-8"?>
<Project ToolsVersion="4.0" xmlns="http://schemas.microsoft.com/developer/msbuild/2003">
  <ItemGroup>
    <Filter Include="Source">
      <UniqueIdentifier>{82746fd1-cf71-4f80-a7a9-6ea7617242ee}</UniqueIdentifier>
    </Filter>
    <Filter Include="Source\Converter">
      <UniqueIdentifier>{959937e1-b596-4692-98d7-d8ed352f25ab}</UniqueIdentifier>
    </Filter>
    <Filter Include="Source\Importers">
      <UniqueIdentifier>{56bc233b-9d29-4d15-b365-577022d022f8}</UniqueIdentifier>
    </Filter>
  </ItemGroup>
  <ItemGroup>
    <ClCompile Include="..\..\Source\Tools\TextureConverter\TextureConverterEntry.cpp">
      <Filter>Source</Filter>
    </ClCompile>
    <ClCompile Include="..\..\Source\Tools\TextureConverter\TextureProcessing.cpp">
      <Filter>Source\Converter</Filter>
    </ClCompile>
    <ClCompile Include="..\..\Source\Tools\TextureConverter\MipmapGeneration.cpp">
      <Filter>Source\Converter</Filter>
    </ClCompile>
    <ClCompile Include="..\..\Source\Tools\TextureConverter\FastFourierTransform.cpp">
      <Filter>Source\Converter</Filter>
    </ClCompile>
    <ClCompile Include="..\..\Source\Tools\TextureConverter\Importers\PNGImporter.cpp">
      <Filter>Source\Importers</Filter>
    </ClCompile>
    <ClCompile Include="..\..\Source\Tools\TextureConverter\Importers\TextureCompression.cpp">
      <Filter>Source\Importers</Filter>
    </ClCompile>
    <ClCompile Include="..\..\Source\Tools\TextureConverter\Importers\TextureImporter.cpp">
      <Filter>Source\Importers</Filter>
    </ClCompile>
    <ClCompile Include="..\..\Source\Tools\TextureConverter\Importers\TGAImporter.cpp">
      <Filter>Source\Importers</Filter>
    </ClCompile>
    <ClCompile Include="..\..\Source\Tools\TextureConverter\Importers\BMPImporter.cpp">
      <Filter>Source\Importers</Filter>
    </ClCompile>
    <ClCompile Include="..\..\Source\Tools\TextureConverter\Importers\JPEGImporter.cpp">
      <Filter>Source\Importers</Filter>
    </ClCompile>
  </ItemGroup>
  <ItemGroup>
    <ClInclude Include="..\..\Source\Tools\TextureConverter\TextureProcessing.hpp">
      <Filter>Source\Converter</Filter>
    </ClInclude>
    <ClInclude Include="..\..\Source\Tools\TextureConverter\MipmapGeneration.hpp">
      <Filter>Source\Converter</Filter>
    </ClInclude>
    <ClInclude Include="..\..\Source\Tools\TextureConverter\FastFourierTransform.hpp">
      <Filter>Source\Converter</Filter>
    </ClInclude>
    <ClInclude Include="..\..\Source\Tools\TextureConverter\Importers\PNGImporter.hpp">
      <Filter>Source\Importers</Filter>
    </ClInclude>
    <ClInclude Include="..\..\Source\Tools\TextureConverter\Importers\TextureCompression.h">
      <Filter>Source\Importers</Filter>
    </ClInclude>
    <ClInclude Include="..\..\Source\Tools\TextureConverter\Importers\TextureImporter.hpp">
      <Filter>Source\Importers</Filter>
    </ClInclude>
    <ClInclude Include="..\..\Source\Tools\TextureConverter\Importers\TGAImporter.h">
      <Filter>Source\Importers</Filter>
    </ClInclude>
    <ClInclude Include="..\..\Source\Tools\TextureConverter\Importers\BMPImporter.hpp">
      <Filter>Source\Importers</Filter>
    </ClInclude>
    <ClInclude Include="..\..\Source\Tools\TextureConverter\Importers\JPEGImporter.hpp">
      <Filter>Source\Importers</Filter>
    </ClInclude>
  </ItemGroup>
</Project>