<?xml version="1.0" encoding="utf-8"?>
<Project ToolsVersion="4.0" xmlns="http://schemas.microsoft.com/developer/msbuild/2003">
  <ItemGroup>
    <Filter Include="Source">
      <UniqueIdentifier>{81420870-16a3-4e2d-9f40-42bd7eaad2b1}</UniqueIdentifier>
    </Filter>
    <Filter Include="Source\Internal">
      <UniqueIdentifier>{5fc1d027-0b55-43ec-a6d3-5bde7b641154}</UniqueIdentifier>
    </Filter>
  </ItemGroup>
  <ItemGroup>
    <ClInclude Include="..\..\Source\Memory\Block.h">
      <Filter>Source</Filter>
    </ClInclude>
    <ClInclude Include="..\..\Source\Memory\GlobalNew.h">
      <Filter>Source</Filter>
    </ClInclude>
    <ClInclude Include="..\..\Source\Memory\Heap.h">
      <Filter>Source</Filter>
    </ClInclude>
    <ClInclude Include="..\..\Source\Memory\Memory.h">
      <Filter>Source</Filter>
    </ClInclude>
    <ClInclude Include="..\..\Source\Memory\MemoryEngine.h">
      <Filter>Source</Filter>
    </ClInclude>
    <ClInclude Include="..\..\Source\Memory\FixedBlockHeap.h">
      <Filter>Source</Filter>
    </ClInclude>
    <ClInclude Include="..\..\Source\Memory\DynamicBlockHeap.h">
      <Filter>Source</Filter>
    </ClInclude>
    <ClInclude Include="..\..\Source\Memory\Internal\InternalHeap.h">
      <Filter>Source\Internal</Filter>
    </ClInclude>
    <ClInclude Include="..\..\Source\Memory\Internal\InternalMem.h">
      <Filter>Source\Internal</Filter>
    </ClInclude>
    <ClInclude Include="..\..\Source\Memory\Internal\InternalBlock.h">
      <Filter>Source\Internal</Filter>
    </ClInclude>
  </ItemGroup>
  <ItemGroup>
    <ClCompile Include="..\..\Source\Memory\GlobalNew.cpp">
      <Filter>Source</Filter>
    </ClCompile>
    <ClCompile Include="..\..\Source\Memory\Heap.cpp">
      <Filter>Source</Filter>
    </ClCompile>
    <ClCompile Include="..\..\Source\Memory\Memory.cpp">
      <Filter>Source</Filter>
    </ClCompile>
    <ClCompile Include="..\..\Source\Memory\Block.cpp">
      <Filter>Source</Filter>
    </ClCompile>
    <ClCompile Include="..\..\Source\Memory\DynamicBlockHeap.cpp">
      <Filter>Source</Filter>
    </ClCompile>
    <ClCompile Include="..\..\Source\Memory\FixedBlockHeap.cpp">
      <Filter>Source</Filter>
    </ClCompile>
    <ClCompile Include="..\..\Source\Memory\Internal\InternalHeap.cpp">
      <Filter>Source\Internal</Filter>
    </ClCompile>
    <ClCompile Include="..\..\Source\Memory\Internal\InternalMem.cpp">
      <Filter>Source\Internal</Filter>
    </ClCompile>
    <ClCompile Include="..\..\Source\Memory\Internal\InternalBlock.cpp">
      <Filter>Source\Internal</Filter>
    </ClCompile>
  </ItemGroup>
</Project>